{
  "name": "Meu Portfólio",
  "version": "1.0.0",
  "lockfileVersion": 3,
  "requires": true,
  "packages": {
    "": {
      "version": "1.0.0",
      "license": "AGPL-version-3.0",
      "dependencies": {
        "": "file:"
      },
      "devDependencies": {},
      "engines": {
        "node": ">= 14.0.0",
        "npm": ">= 6.0.0"
      }
    },
    "node_modules/Meu Portfólio": {
      "resolved": "",
      "link": true
    }
  }
}
